
Microsoft Visual Studio Solution File, Format Version 12.00
# Visual Studio Version 16
VisualStudioVersion = 16.0.31005.135
MinimumVisualStudioVersion = 10.0.40219.1
Project("{FAE04EC0-301F-11D3-BF4B-00C04F79EFBC}") = "x509CertAPI", "x509CertAPI\x509CertAPI.csproj", "{BC9B67B8-EF95-4ED4-A48D-2305038923BC}"
EndProject
Project("{FAE04EC0-301F-11D3-BF4B-00C04F79EFBC}") = "X509APITest", "X509APITest\X509APITest.csproj", "{F2BA9EAA-2ABC-4403-8948-DC152065282F}"
EndProject
Project("{FAE04EC0-301F-11D3-BF4B-00C04F79EFBC}") = "X509SPITestCore", "X509SPITestCore\X509SPITestCore.csproj", "{B4AE5071-C265-4D0B-BCF6-A67A301A49EE}"
EndProject
Global
	GlobalSection(SolutionConfigurationPlatforms) = preSolution
		Debug|Any CPU = Debug|Any CPU
		Release|Any CPU = Release|Any CPU
	EndGlobalSection
	GlobalSection(ProjectConfigurationPlatforms) = postSolution
		{BC9B67B8-EF95-4ED4-A48D-2305038923BC}.Debug|Any CPU.ActiveCfg = Debug|Any CPU
		{BC9B67B8-EF95-4ED4-A48D-2305038923BC}.Debug|Any CPU.Build.0 = Debug|Any CPU
		{BC9B67B8-EF95-4ED4-A48D-2305038923BC}.Release|Any CPU.ActiveCfg = Release|Any CPU
		{BC9B67B8-EF95-4ED4-A48D-2305038923BC}.Release|Any CPU.Build.0 = Release|Any CPU
		{F2BA9EAA-2ABC-4403-8948-DC152065282F}.Debug|Any CPU.ActiveCfg = Debug|Any CPU
		{F2BA9EAA-2ABC-4403-8948-DC152065282F}.Debug|Any CPU.Build.0 = Debug|Any CPU
		{F2BA9EAA-2ABC-4403-8948-DC152065282F}.Release|Any CPU.ActiveCfg = Release|Any CPU
		{F2BA9EAA-2ABC-4403-8948-DC152065282F}.Release|Any CPU.Build.0 = Release|Any CPU
		{B4AE5071-C265-4D0B-BCF6-A67A301A49EE}.Debug|Any CPU.ActiveCfg = Debug|Any CPU
		{B4AE5071-C265-4D0B-BCF6-A67A301A49EE}.Debug|Any CPU.Build.0 = Debug|Any CPU
		{B4AE5071-C265-4D0B-BCF6-A67A301A49EE}.Release|Any CPU.ActiveCfg = Release|Any CPU
		{B4AE5071-C265-4D0B-BCF6-A67A301A49EE}.Release|Any CPU.Build.0 = Release|Any CPU
	EndGlobalSection
	GlobalSection(SolutionProperties) = preSolution
		HideSolutionNode = FALSE
	EndGlobalSection
	GlobalSection(ExtensibilityGlobals) = postSolution
		SolutionGuid = {95AE7B9A-1DF1-4808-82BA-A69E3B54E0B5}
	EndGlobalSection
EndGlobal
